
Microsoft Visual Studio Solution File, Format Version 12.00
# Visual Studio Version 16
VisualStudioVersion = 16.0.30204.135
MinimumVisualStudioVersion = 10.0.40219.1
Project("{9A19103F-16F7-4668-BE54-9A1E7A4F7556}") = "Bidder.Data", "Bidder.Data\Bidder.Data.csproj", "{71C88B60-4C41-4422-925D-F92E8116F24F}"
EndProject
Project("{9A19103F-16F7-4668-BE54-9A1E7A4F7556}") = "Bidder.Business", "Bidder.Business\Bidder.Business.csproj", "{DE60A310-5332-42B8-A60F-8CCA11047472}"
EndProject
Project("{9A19103F-16F7-4668-BE54-9A1E7A4F7556}") = "Bidder.DashBoard", "Bidder.DashBoard\Bidder.DashBoard.csproj", "{F1C3F744-38EB-44BB-AEEF-EFDD71A67C6A}"
EndProject
Global
	GlobalSection(SolutionConfigurationPlatforms) = preSolution
		Debug|Any CPU = Debug|Any CPU
		Release|Any CPU = Release|Any CPU
	EndGlobalSection
	GlobalSection(ProjectConfigurationPlatforms) = postSolution
		{71C88B60-4C41-4422-925D-F92E8116F24F}.Debug|Any CPU.ActiveCfg = Debug|Any CPU
		{71C88B60-4C41-4422-925D-F92E8116F24F}.Debug|Any CPU.Build.0 = Debug|Any CPU
		{71C88B60-4C41-4422-925D-F92E8116F24F}.Release|Any CPU.ActiveCfg = Release|Any CPU
		{71C88B60-4C41-4422-925D-F92E8116F24F}.Release|Any CPU.Build.0 = Release|Any CPU
		{DE60A310-5332-42B8-A60F-8CCA11047472}.Debug|Any CPU.ActiveCfg = Debug|Any CPU
		{DE60A310-5332-42B8-A60F-8CCA11047472}.Debug|Any CPU.Build.0 = Debug|Any CPU
		{DE60A310-5332-42B8-A60F-8CCA11047472}.Release|Any CPU.ActiveCfg = Release|Any CPU
		{DE60A310-5332-42B8-A60F-8CCA11047472}.Release|Any CPU.Build.0 = Release|Any CPU
		{F1C3F744-38EB-44BB-AEEF-EFDD71A67C6A}.Debug|Any CPU.ActiveCfg = Debug|Any CPU
		{F1C3F744-38EB-44BB-AEEF-EFDD71A67C6A}.Debug|Any CPU.Build.0 = Debug|Any CPU
		{F1C3F744-38EB-44BB-AEEF-EFDD71A67C6A}.Release|Any CPU.ActiveCfg = Release|Any CPU
		{F1C3F744-38EB-44BB-AEEF-EFDD71A67C6A}.Release|Any CPU.Build.0 = Release|Any CPU
	EndGlobalSection
	GlobalSection(SolutionProperties) = preSolution
		HideSolutionNode = FALSE
	EndGlobalSection
	GlobalSection(ExtensibilityGlobals) = postSolution
		SolutionGuid = {D36E098C-C721-4CEF-98F9-33257B347871}
	EndGlobalSection
EndGlobal
